
Microsoft Visual Studio Solution File, Format Version 12.00
# Visual Studio 15
VisualStudioVersion = 15.0.27703.2042
MinimumVisualStudioVersion = 10.0.40219.1
Project("{FAE04EC0-301F-11D3-BF4B-00C04F79EFBC}") = "Program4_4", "Program4_4\Program4_4.csproj", "{6A6F4D93-96C0-4041-815E-7F1A796D3E54}"
EndProject
Global
	GlobalSection(SolutionConfigurationPlatforms) = preSolution
		Debug|x86 = Debug|x86
		Release|x86 = Release|x86
	EndGlobalSection
	GlobalSection(ProjectConfigurationPlatforms) = postSolution
		{6A6F4D93-96C0-4041-815E-7F1A796D3E54}.Debug|x86.ActiveCfg = Debug|x86
		{6A6F4D93-96C0-4041-815E-7F1A796D3E54}.Debug|x86.Build.0 = Debug|x86
		{6A6F4D93-96C0-4041-815E-7F1A796D3E54}.Release|x86.ActiveCfg = Release|x86
		{6A6F4D93-96C0-4041-815E-7F1A796D3E54}.Release|x86.Build.0 = Release|x86
	EndGlobalSection
	GlobalSection(SolutionProperties) = preSolution
		HideSolutionNode = FALSE
	EndGlobalSection
EndGlobal
